{
  "name": "womanity",
  "version": "1.0.0",
  "lockfileVersion": 1,
  "requires": true,
  "dependencies": {
    "html-to-image": {
      "version": "0.1.1",
      "resolved": "https://registry.npmjs.org/html-to-image/-/html-to-image-0.1.1.tgz",
      "integrity": "sha512-UAjpXmokENeOyzfLwL0+zQ502lXyg6pkzVUmRjtljOH9dR/YdEYQhWrQ/O14hmH5/1L7jv1aOupU4Zi3Y8+iow=="
    }
  }
}
