{
  "requires": true,
  "lockfileVersion": 1,
  "dependencies": {
    "html-to-image": {
      "version": "0.1.1",
      "resolved": "https://registry.npmjs.org/html-to-image/-/html-to-image-0.1.1.tgz",
      "integrity": "sha512-UAjpXmokENeOyzfLwL0+zQ502lXyg6pkzVUmRjtljOH9dR/YdEYQhWrQ/O14hmH5/1L7jv1aOupU4Zi3Y8+iow=="
    },
    "vue": {
      "version": "2.6.12",
      "resolved": "https://registry.npmjs.org/vue/-/vue-2.6.12.tgz",
      "integrity": "sha512-uhmLFETqPPNyuLLbsKz6ioJ4q7AZHzD8ZVFNATNyICSZouqP2Sz0rotWQC8UNBF6VGSCs5abnKJoStA6JbCbfg=="
    }
  }
}
